// !$*UTF8*$!
{
	archiveVersion = 1;
	classes = {
	};
	objectVersion = 56;
	objects = {

/* Begin PBXBuildFile section */
		1A3C75C7C303FD2D53A515DF /* Pods_MachineTest_IscisTech.framework in Frameworks */ = {isa = PBXBuildFile; fileRef = B92844B3EC60F7BBCC051CD4 /* Pods_MachineTest_IscisTech.framework */; };
		27045DA42D6EEDE500CA7F2B /* AboutViewController.swift in Sources */ = {isa = PBXBuildFile; fileRef = 27045DA32D6EEDE500CA7F2B /* AboutViewController.swift */; };
		27D38BE72D6E0FEE00FADF5B /* AppDelegate.swift in Sources */ = {isa = PBXBuildFile; fileRef = 27D38BE62D6E0FEE00FADF5B /* AppDelegate.swift */; };
		27D38BE92D6E0FEE00FADF5B /* SceneDelegate.swift in Sources */ = {isa = PBXBuildFile; fileRef = 27D38BE82D6E0FEE00FADF5B /* SceneDelegate.swift */; };
		27D38BEB2D6E0FEE00FADF5B /* LoginViewController.swift in Sources */ = {isa = PBXBuildFile; fileRef = 27D38BEA2D6E0FEE00FADF5B /* LoginViewController.swift */; };
		27D38BEE2D6E0FEF00FADF5B /* Base in Resources */ = {isa = PBXBuildFile; fileRef = 27D38BED2D6E0FEF00FADF5B /* Base */; };
		27D38BF02D6E0FF000FADF5B /* Assets.xcassets in Resources */ = {isa = PBXBuildFile; fileRef = 27D38BEF2D6E0FF000FADF5B /* Assets.xcassets */; };
		27D38BF32D6E0FF100FADF5B /* Base in Resources */ = {isa = PBXBuildFile; fileRef = 27D38BF22D6E0FF100FADF5B /* Base */; };
		27D38BFE2D6E0FF100FADF5B /* MachineTest_IscisTechTests.swift in Sources */ = {isa = PBXBuildFile; fileRef = 27D38BFD2D6E0FF100FADF5B /* MachineTest_IscisTechTests.swift */; };
		27D38C082D6E0FF100FADF5B /* MachineTest_IscisTechUITests.swift in Sources */ = {isa = PBXBuildFile; fileRef = 27D38C072D6E0FF100FADF5B /* MachineTest_IscisTechUITests.swift */; };
		27D38C0A2D6E0FF100FADF5B /* MachineTest_IscisTechUITestsLaunchTests.swift in Sources */ = {isa = PBXBuildFile; fileRef = 27D38C092D6E0FF100FADF5B /* MachineTest_IscisTechUITestsLaunchTests.swift */; };
		27D38C172D6E450400FADF5B /* Constants.swift in Sources */ = {isa = PBXBuildFile; fileRef = 27D38C162D6E450400FADF5B /* Constants.swift */; };
		27D38C192D6E4B2C00FADF5B /* HomePage.swift in Sources */ = {isa = PBXBuildFile; fileRef = 27D38C182D6E4B2C00FADF5B /* HomePage.swift */; };
		27D38C1B2D6E4EF600FADF5B /* NSObject.swift in Sources */ = {isa = PBXBuildFile; fileRef = 27D38C1A2D6E4EF600FADF5B /* NSObject.swift */; };
		27D38C1D2D6E5CE000FADF5B /* Model.swift in Sources */ = {isa = PBXBuildFile; fileRef = 27D38C1C2D6E5CE000FADF5B /* Model.swift */; };
/* End PBXBuildFile section */

/* Begin PBXContainerItemProxy section */
		27D38BFA2D6E0FF100FADF5B /* PBXContainerItemProxy */ = {
			isa = PBXContainerItemProxy;
			containerPortal = 27D38BDB2D6E0FEE00FADF5B /* Project object */;
			proxyType = 1;
			remoteGlobalIDString = 27D38BE22D6E0FEE00FADF5B;
			remoteInfo = MachineTest_IscisTech;
		};
		27D38C042D6E0FF100FADF5B /* PBXContainerItemProxy */ = {
			isa = PBXContainerItemProxy;
			containerPortal = 27D38BDB2D6E0FEE00FADF5B /* Project object */;
			proxyType = 1;
			remoteGlobalIDString = 27D38BE22D6E0FEE00FADF5B;
			remoteInfo = MachineTest_IscisTech;
		};
/* End PBXContainerItemProxy section */

/* Begin PBXFileReference section */
		27045DA32D6EEDE500CA7F2B /* AboutViewController.swift */ = {isa = PBXFileReference; lastKnownFileType = sourcecode.swift; path = AboutViewController.swift; sourceTree = "<group>"; };
		27D38BE32D6E0FEE00FADF5B /* MachineTest_IscisTech.app */ = {isa = PBXFileReference; explicitFileType = wrapper.application; includeInIndex = 0; path = MachineTest_IscisTech.app; sourceTree = BUILT_PRODUCTS_DIR; };
		27D38BE62D6E0FEE00FADF5B /* AppDelegate.swift */ = {isa = PBXFileReference; lastKnownFileType = sourcecode.swift; path = AppDelegate.swift; sourceTree = "<group>"; };
		27D38BE82D6E0FEE00FADF5B /* SceneDelegate.swift */ = {isa = PBXFileReference; lastKnownFileType = sourcecode.swift; path = SceneDelegate.swift; sourceTree = "<group>"; };
		27D38BEA2D6E0FEE00FADF5B /* LoginViewController.swift */ = {isa = PBXFileReference; lastKnownFileType = sourcecode.swift; path = LoginViewController.swift; sourceTree = "<group>"; };
		27D38BED2D6E0FEF00FADF5B /* Base */ = {isa = PBXFileReference; lastKnownFileType = file.storyboard; name = Base; path = Base.lproj/Main.storyboard; sourceTree = "<group>"; };
		27D38BEF2D6E0FF000FADF5B /* Assets.xcassets */ = {isa = PBXFileReference; lastKnownFileType = folder.assetcatalog; path = Assets.xcassets; sourceTree = "<group>"; };
		27D38BF22D6E0FF100FADF5B /* Base */ = {isa = PBXFileReference; lastKnownFileType = file.storyboard; name = Base; path = Base.lproj/LaunchScreen.storyboard; sourceTree = "<group>"; };
		27D38BF42D6E0FF100FADF5B /* Info.plist */ = {isa = PBXFileReference; lastKnownFileType = text.plist.xml; path = Info.plist; sourceTree = "<group>"; };
		27D38BF92D6E0FF100FADF5B /* MachineTest_IscisTechTests.xctest */ = {isa = PBXFileReference; explicitFileType = wrapper.cfbundle; includeInIndex = 0; path = MachineTest_IscisTechTests.xctest; sourceTree = BUILT_PRODUCTS_DIR; };
		27D38BFD2D6E0FF100FADF5B /* MachineTest_IscisTechTests.swift */ = {isa = PBXFileReference; lastKnownFileType = sourcecode.swift; path = MachineTest_IscisTechTests.swift; sourceTree = "<group>"; };
		27D38C032D6E0FF100FADF5B /* MachineTest_IscisTechUITests.xctest */ = {isa = PBXFileReference; explicitFileType = wrapper.cfbundle; includeInIndex = 0; path = MachineTest_IscisTechUITests.xctest; sourceTree = BUILT_PRODUCTS_DIR; };
		27D38C072D6E0FF100FADF5B /* MachineTest_IscisTechUITests.swift */ = {isa = PBXFileReference; lastKnownFileType = sourcecode.swift; path = MachineTest_IscisTechUITests.swift; sourceTree = "<group>"; };
		27D38C092D6E0FF100FADF5B /* MachineTest_IscisTechUITestsLaunchTests.swift */ = {isa = PBXFileReference; lastKnownFileType = sourcecode.swift; path = MachineTest_IscisTechUITestsLaunchTests.swift; sourceTree = "<group>"; };
		27D38C162D6E450400FADF5B /* Constants.swift */ = {isa = PBXFileReference; lastKnownFileType = sourcecode.swift; path = Constants.swift; sourceTree = "<group>"; };
		27D38C182D6E4B2C00FADF5B /* HomePage.swift */ = {isa = PBXFileReference; lastKnownFileType = sourcecode.swift; path = HomePage.swift; sourceTree = "<group>"; };
		27D38C1A2D6E4EF600FADF5B /* NSObject.swift */ = {isa = PBXFileReference; lastKnownFileType = sourcecode.swift; path = NSObject.swift; sourceTree = "<group>"; };
		27D38C1C2D6E5CE000FADF5B /* Model.swift */ = {isa = PBXFileReference; lastKnownFileType = sourcecode.swift; path = Model.swift; sourceTree = "<group>"; };
		51C3401055A9303566F49B9E /* Pods-MachineTest_IscisTech.release.xcconfig */ = {isa = PBXFileReference; includeInIndex = 1; lastKnownFileType = text.xcconfig; name = "Pods-MachineTest_IscisTech.release.xcconfig"; path = "Target Support Files/Pods-MachineTest_IscisTech/Pods-MachineTest_IscisTech.release.xcconfig"; sourceTree = "<group>"; };
		57859914C93F7A59C455D7D7 /* Pods-MachineTest_IscisTech.debug.xcconfig */ = {isa = PBXFileReference; includeInIndex = 1; lastKnownFileType = text.xcconfig; name = "Pods-MachineTest_IscisTech.debug.xcconfig"; path = "Target Support Files/Pods-MachineTest_IscisTech/Pods-MachineTest_IscisTech.debug.xcconfig"; sourceTree = "<group>"; };
		B92844B3EC60F7BBCC051CD4 /* Pods_MachineTest_IscisTech.framework */ = {isa = PBXFileReference; explicitFileType = wrapper.framework; includeInIndex = 0; path = Pods_MachineTest_IscisTech.framework; sourceTree = BUILT_PRODUCTS_DIR; };
/* End PBXFileReference section */

/* Begin PBXFrameworksBuildPhase section */
		27D38BE02D6E0FEE00FADF5B /* Frameworks */ = {
			isa = PBXFrameworksBuildPhase;
			buildActionMask = 2147483647;
			files = (
				1A3C75C7C303FD2D53A515DF /* Pods_MachineTest_IscisTech.framework in Frameworks */,
			);
			runOnlyForDeploymentPostprocessing = 0;
		};
		27D38BF62D6E0FF100FADF5B /* Frameworks */ = {
			isa = PBXFrameworksBuildPhase;
			buildActionMask = 2147483647;
			files = (
			);
			runOnlyForDeploymentPostprocessing = 0;
		};
		27D38C002D6E0FF100FADF5B /* Frameworks */ = {
			isa = PBXFrameworksBuildPhase;
			buildActionMask = 2147483647;
			files = (
			);
			runOnlyForDeploymentPostprocessing = 0;
		};
/* End PBXFrameworksBuildPhase section */

/* Begin PBXGroup section */
		27045DA52D6F032200CA7F2B /* Model */ = {
			isa = PBXGroup;
			children = (
				27D38C1C2D6E5CE000FADF5B /* Model.swift */,
			);
			path = Model;
			sourceTree = "<group>";
		};
		27045DA62D6F032E00CA7F2B /* View */ = {
			isa = PBXGroup;
			children = (
				27D38BF12D6E0FF100FADF5B /* LaunchScreen.storyboard */,
				27D38BEC2D6E0FEF00FADF5B /* Main.storyboard */,
			);
			path = View;
			sourceTree = "<group>";
		};
		27045DA72D6F033B00CA7F2B /* Controller */ = {
			isa = PBXGroup;
			children = (
				27045DA32D6EEDE500CA7F2B /* AboutViewController.swift */,
				27D38C182D6E4B2C00FADF5B /* HomePage.swift */,
				27D38BEA2D6E0FEE00FADF5B /* LoginViewController.swift */,
				27D38BE82D6E0FEE00FADF5B /* SceneDelegate.swift */,
				27D38BE62D6E0FEE00FADF5B /* AppDelegate.swift */,
			);
			path = Controller;
			sourceTree = "<group>";
		};
		27045DA82D6F039400CA7F2B /* Constant + NSObject */ = {
			isa = PBXGroup;
			children = (
				27D38C1A2D6E4EF600FADF5B /* NSObject.swift */,
				27D38C162D6E450400FADF5B /* Constants.swift */,
			);
			path = "Constant + NSObject";
			sourceTree = "<group>";
		};
		27045DA92D6F03BD00CA7F2B /* Assets */ = {
			isa = PBXGroup;
			children = (
				27D38BEF2D6E0FF000FADF5B /* Assets.xcassets */,
			);
			path = Assets;
			sourceTree = "<group>";
		};
		27D38BDA2D6E0FEE00FADF5B = {
			isa = PBXGroup;
			children = (
				27D38BE52D6E0FEE00FADF5B /* MachineTest_IscisTech */,
				27D38BFC2D6E0FF100FADF5B /* MachineTest_IscisTechTests */,
				27D38C062D6E0FF100FADF5B /* MachineTest_IscisTechUITests */,
				27D38BE42D6E0FEE00FADF5B /* Products */,
				492E489B4DEBEB2A9C46527A /* Pods */,
				FFCC4E14AF64A4BF8412AE50 /* Frameworks */,
			);
			sourceTree = "<group>";
		};
		27D38BE42D6E0FEE00FADF5B /* Products */ = {
			isa = PBXGroup;
			children = (
				27D38BE32D6E0FEE00FADF5B /* MachineTest_IscisTech.app */,
				27D38BF92D6E0FF100FADF5B /* MachineTest_IscisTechTests.xctest */,
				27D38C032D6E0FF100FADF5B /* MachineTest_IscisTechUITests.xctest */,
			);
			name = Products;
			sourceTree = "<group>";
		};
		27D38BE52D6E0FEE00FADF5B /* MachineTest_IscisTech */ = {
			isa = PBXGroup;
			children = (
				27045DA92D6F03BD00CA7F2B /* Assets */,
				27045DA82D6F039400CA7F2B /* Constant + NSObject */,
				27045DA52D6F032200CA7F2B /* Model */,
				27045DA62D6F032E00CA7F2B /* View */,
				27045DA72D6F033B00CA7F2B /* Controller */,
				27D38BF42D6E0FF100FADF5B /* Info.plist */,
			);
			path = MachineTest_IscisTech;
			sourceTree = "<group>";
		};
		27D38BFC2D6E0FF100FADF5B /* MachineTest_IscisTechTests */ = {
			isa = PBXGroup;
			children = (
				27D38BFD2D6E0FF100FADF5B /* MachineTest_IscisTechTests.swift */,
			);
			path = MachineTest_IscisTechTests;
			sourceTree = "<group>";
		};
		27D38C062D6E0FF100FADF5B /* MachineTest_IscisTechUITests */ = {
			isa = PBXGroup;
			children = (
				27D38C072D6E0FF100FADF5B /* MachineTest_IscisTechUITests.swift */,
				27D38C092D6E0FF100FADF5B /* MachineTest_IscisTechUITestsLaunchTests.swift */,
			);
			path = MachineTest_IscisTechUITests;
			sourceTree = "<group>";
		};
		492E489B4DEBEB2A9C46527A /* Pods */ = {
			isa = PBXGroup;
			children = (
				57859914C93F7A59C455D7D7 /* Pods-MachineTest_IscisTech.debug.xcconfig */,
				51C3401055A9303566F49B9E /* Pods-MachineTest_IscisTech.release.xcconfig */,
			);
			path = Pods;
			sourceTree = "<group>";
		};
		FFCC4E14AF64A4BF8412AE50 /* Frameworks */ = {
			isa = PBXGroup;
			children = (
				B92844B3EC60F7BBCC051CD4 /* Pods_MachineTest_IscisTech.framework */,
			);
			name = Frameworks;
			sourceTree = "<group>";
		};
/* End PBXGroup section */

/* Begin PBXNativeTarget section */
		27D38BE22D6E0FEE00FADF5B /* MachineTest_IscisTech */ = {
			isa = PBXNativeTarget;
			buildConfigurationList = 27D38C0D2D6E0FF100FADF5B /* Build configuration list for PBXNativeTarget "MachineTest_IscisTech" */;
			buildPhases = (
				0F8F194C1D99D08C0F419AB9 /* [CP] Check Pods Manifest.lock */,
				27D38BDF2D6E0FEE00FADF5B /* Sources */,
				27D38BE02D6E0FEE00FADF5B /* Frameworks */,
				27D38BE12D6E0FEE00FADF5B /* Resources */,
				783807B812B6204B69D57412 /* [CP] Embed Pods Frameworks */,
			);
			buildRules = (
			);
			dependencies = (
			);
			name = MachineTest_IscisTech;
			productName = MachineTest_IscisTech;
			productReference = 27D38BE32D6E0FEE00FADF5B /* MachineTest_IscisTech.app */;
			productType = "com.apple.product-type.application";
		};
		27D38BF82D6E0FF100FADF5B /* MachineTest_IscisTechTests */ = {
			isa = PBXNativeTarget;
			buildConfigurationList = 27D38C102D6E0FF100FADF5B /* Build configuration list for PBXNativeTarget "MachineTest_IscisTechTests" */;
			buildPhases = (
				27D38BF52D6E0FF100FADF5B /* Sources */,
				27D38BF62D6E0FF100FADF5B /* Frameworks */,
				27D38BF72D6E0FF100FADF5B /* Resources */,
			);
			buildRules = (
			);
			dependencies = (
				27D38BFB2D6E0FF100FADF5B /* PBXTargetDependency */,
			);
			name = MachineTest_IscisTechTests;
			productName = MachineTest_IscisTechTests;
			productReference = 27D38BF92D6E0FF100FADF5B /* MachineTest_IscisTechTests.xctest */;
			productType = "com.apple.product-type.bundle.unit-test";
		};
		27D38C022D6E0FF100FADF5B /* MachineTest_IscisTechUITests */ = {
			isa = PBXNativeTarget;
			buildConfigurationList = 27D38C132D6E0FF100FADF5B /* Build configuration list for PBXNativeTarget "MachineTest_IscisTechUITests" */;
			buildPhases = (
				27D38BFF2D6E0FF100FADF5B /* Sources */,
				27D38C002D6E0FF100FADF5B /* Frameworks */,
				27D38C012D6E0FF100FADF5B /* Resources */,
			);
			buildRules = (
			);
			dependencies = (
				27D38C052D6E0FF100FADF5B /* PBXTargetDependency */,
			);
			name = MachineTest_IscisTechUITests;
			productName = MachineTest_IscisTechUITests;
			productReference = 27D38C032D6E0FF100FADF5B /* MachineTest_IscisTechUITests.xctest */;
			productType = "com.apple.product-type.bundle.ui-testing";
		};
/* End PBXNativeTarget section */

/* Begin PBXProject section */
		27D38BDB2D6E0FEE00FADF5B /* Project object */ = {
			isa = PBXProject;
			attributes = {
				BuildIndependentTargetsInParallel = 1;
				LastSwiftUpdateCheck = 1540;
				LastUpgradeCheck = 1540;
				TargetAttributes = {
					27D38BE22D6E0FEE00FADF5B = {
						CreatedOnToolsVersion = 15.4;
					};
					27D38BF82D6E0FF100FADF5B = {
						CreatedOnToolsVersion = 15.4;
						TestTargetID = 27D38BE22D6E0FEE00FADF5B;
					};
					27D38C022D6E0FF100FADF5B = {
						CreatedOnToolsVersion = 15.4;
						TestTargetID = 27D38BE22D6E0FEE00FADF5B;
					};
				};
			};
			buildConfigurationList = 27D38BDE2D6E0FEE00FADF5B /* Build configuration list for PBXProject "MachineTest_IscisTech" */;
			compatibilityVersion = "Xcode 14.0";
			developmentRegion = en;
			hasScannedForEncodings = 0;
			knownRegions = (
				en,
				Base,
			);
			mainGroup = 27D38BDA2D6E0FEE00FADF5B;
			productRefGroup = 27D38BE42D6E0FEE00FADF5B /* Products */;
			projectDirPath = "";
			projectRoot = "";
			targets = (
				27D38BE22D6E0FEE00FADF5B /* MachineTest_IscisTech */,
				27D38BF82D6E0FF100FADF5B /* MachineTest_IscisTechTests */,
				27D38C022D6E0FF100FADF5B /* MachineTest_IscisTechUITests */,
			);
		};
/* End PBXProject section */

/* Begin PBXResourcesBuildPhase section */
		27D38BE12D6E0FEE00FADF5B /* Resources */ = {
			isa = PBXResourcesBuildPhase;
			buildActionMask = 2147483647;
			files = (
				27D38BF02D6E0FF000FADF5B /* Assets.xcassets in Resources */,
				27D38BF32D6E0FF100FADF5B /* Base in Resources */,
				27D38BEE2D6E0FEF00FADF5B /* Base in Resources */,
			);
			runOnlyForDeploymentPostprocessing = 0;
		};
		27D38BF72D6E0FF100FADF5B /* Resources */ = {
			isa = PBXResourcesBuildPhase;
			buildActionMask = 2147483647;
			files = (
			);
			runOnlyForDeploymentPostprocessing = 0;
		};
		27D38C012D6E0FF100FADF5B /* Resources */ = {
			isa = PBXResourcesBuildPhase;
			buildActionMask = 2147483647;
			files = (
			);
			runOnlyForDeploymentPostprocessing = 0;
		};
/* End PBXResourcesBuildPhase section */

/* Begin PBXShellScriptBuildPhase section */
		0F8F194C1D99D08C0F419AB9 /* [CP] Check Pods Manifest.lock */ = {
			isa = PBXShellScriptBuildPhase;
			buildActionMask = 2147483647;
			files = (
			);
			inputFileListPaths = (
			);
			inputPaths = (
				"${PODS_PODFILE_DIR_PATH}/Podfile.lock",
				"${PODS_ROOT}/Manifest.lock",
			);
			name = "[CP] Check Pods Manifest.lock";
			outputFileListPaths = (
			);
			outputPaths = (
				"$(DERIVED_FILE_DIR)/Pods-MachineTest_IscisTech-checkManifestLockResult.txt",
			);
			runOnlyForDeploymentPostprocessing = 0;
			shellPath = /bin/sh;
			shellScript = "diff \"${PODS_PODFILE_DIR_PATH}/Podfile.lock\" \"${PODS_ROOT}/Manifest.lock\" > /dev/null\nif [ $? != 0 ] ; then\n    # print error to STDERR\n    echo \"error: The sandbox is not in sync with the Podfile.lock. Run 'pod install' or update your CocoaPods installation.\" >&2\n    exit 1\nfi\n# This output is used by Xcode 'outputs' to avoid re-running this script phase.\necho \"SUCCESS\" > \"${SCRIPT_OUTPUT_FILE_0}\"\n";
			showEnvVarsInLog = 0;
		};
		783807B812B6204B69D57412 /* [CP] Embed Pods Frameworks */ = {
			isa = PBXShellScriptBuildPhase;
			buildActionMask = 2147483647;
			files = (
			);
			inputFileListPaths = (
				"${PODS_ROOT}/Target Support Files/Pods-MachineTest_IscisTech/Pods-MachineTest_IscisTech-frameworks-${CONFIGURATION}-input-files.xcfilelist",
			);
			name = "[CP] Embed Pods Frameworks";
			outputFileListPaths = (
				"${PODS_ROOT}/Target Support Files/Pods-MachineTest_IscisTech/Pods-MachineTest_IscisTech-frameworks-${CONFIGURATION}-output-files.xcfilelist",
			);
			runOnlyForDeploymentPostprocessing = 0;
			shellPath = /bin/sh;
			shellScript = "\"${PODS_ROOT}/Target Support Files/Pods-MachineTest_IscisTech/Pods-MachineTest_IscisTech-frameworks.sh\"\n";
			showEnvVarsInLog = 0;
		};
/* End PBXShellScriptBuildPhase section */

/* Begin PBXSourcesBuildPhase section */
		27D38BDF2D6E0FEE00FADF5B /* Sources */ = {
			isa = PBXSourcesBuildPhase;
			buildActionMask = 2147483647;
			files = (
				27D38C1D2D6E5CE000FADF5B /* Model.swift in Sources */,
				27D38C192D6E4B2C00FADF5B /* HomePage.swift in Sources */,
				27D38BEB2D6E0FEE00FADF5B /* LoginViewController.swift in Sources */,
				27D38BE72D6E0FEE00FADF5B /* AppDelegate.swift in Sources */,
				27D38C1B2D6E4EF600FADF5B /* NSObject.swift in Sources */,
				27D38BE92D6E0FEE00FADF5B /* SceneDelegate.swift in Sources */,
				27045DA42D6EEDE500CA7F2B /* AboutViewController.swift in Sources */,
				27D38C172D6E450400FADF5B /* Constants.swift in Sources */,
			);
			runOnlyForDeploymentPostprocessing = 0;
		};
		27D38BF52D6E0FF100FADF5B /* Sources */ = {
			isa = PBXSourcesBuildPhase;
			buildActionMask = 2147483647;
			files = (
				27D38BFE2D6E0FF100FADF5B /* MachineTest_IscisTechTests.swift in Sources */,
			);
			runOnlyForDeploymentPostprocessing = 0;
		};
		27D38BFF2D6E0FF100FADF5B /* Sources */ = {
			isa = PBXSourcesBuildPhase;
			buildActionMask = 2147483647;
			files = (
				27D38C0A2D6E0FF100FADF5B /* MachineTest_IscisTechUITestsLaunchTests.swift in Sources */,
				27D38C082D6E0FF100FADF5B /* MachineTest_IscisTechUITests.swift in Sources */,
			);
			runOnlyForDeploymentPostprocessing = 0;
		};
/* End PBXSourcesBuildPhase section */

/* Begin PBXTargetDependency section */
		27D38BFB2D6E0FF100FADF5B /* PBXTargetDependency */ = {
			isa = PBXTargetDependency;
			target = 27D38BE22D6E0FEE00FADF5B /* MachineTest_IscisTech */;
			targetProxy = 27D38BFA2D6E0FF100FADF5B /* PBXContainerItemProxy */;
		};
		27D38C052D6E0FF100FADF5B /* PBXTargetDependency */ = {
			isa = PBXTargetDependency;
			target = 27D38BE22D6E0FEE00FADF5B /* MachineTest_IscisTech */;
			targetProxy = 27D38C042D6E0FF100FADF5B /* PBXContainerItemProxy */;
		};
/* End PBXTargetDependency section */

/* Begin PBXVariantGroup section */
		27D38BEC2D6E0FEF00FADF5B /* Main.storyboard */ = {
			isa = PBXVariantGroup;
			children = (
				27D38BED2D6E0FEF00FADF5B /* Base */,
			);
			name = Main.storyboard;
			sourceTree = "<group>";
		};
		27D38BF12D6E0FF100FADF5B /* LaunchScreen.storyboard */ = {
			isa = PBXVariantGroup;
			children = (
				27D38BF22D6E0FF100FADF5B /* Base */,
			);
			name = LaunchScreen.storyboard;
			sourceTree = "<group>";
		};
/* End PBXVariantGroup section */

/* Begin XCBuildConfiguration section */
		27D38C0B2D6E0FF100FADF5B /* Debug */ = {
			isa = XCBuildConfiguration;
			buildSettings = {
				ALWAYS_SEARCH_USER_PATHS = NO;
				ASSETCATALOG_COMPILER_GENERATE_SWIFT_ASSET_SYMBOL_EXTENSIONS = YES;
				CLANG_ANALYZER_NONNULL = YES;
				CLANG_ANALYZER_NUMBER_OBJECT_CONVERSION = YES_AGGRESSIVE;
				CLANG_CXX_LANGUAGE_STANDARD = "gnu++20";
				CLANG_ENABLE_MODULES = YES;
				CLANG_ENABLE_OBJC_ARC = YES;
				CLANG_ENABLE_OBJC_WEAK = YES;
				CLANG_WARN_BLOCK_CAPTURE_AUTORELEASING = YES;
				CLANG_WARN_BOOL_CONVERSION = YES;
				CLANG_WARN_COMMA = YES;
				CLANG_WARN_CONSTANT_CONVERSION = YES;
				CLANG_WARN_DEPRECATED_OBJC_IMPLEMENTATIONS = YES;
				CLANG_WARN_DIRECT_OBJC_ISA_USAGE = YES_ERROR;
				CLANG_WARN_DOCUMENTATION_COMMENTS = YES;
				CLANG_WARN_EMPTY_BODY = YES;
				CLANG_WARN_ENUM_CONVERSION = YES;
				CLANG_WARN_INFINITE_RECURSION = YES;
				CLANG_WARN_INT_CONVERSION = YES;
				CLANG_WARN_NON_LITERAL_NULL_CONVERSION = YES;
				CLANG_WARN_OBJC_IMPLICIT_RETAIN_SELF = YES;
				CLANG_WARN_OBJC_LITERAL_CONVERSION = YES;
				CLANG_WARN_OBJC_ROOT_CLASS = YES_ERROR;
				CLANG_WARN_QUOTED_INCLUDE_IN_FRAMEWORK_HEADER = YES;
				CLANG_WARN_RANGE_LOOP_ANALYSIS = YES;
				CLANG_WARN_STRICT_PROTOTYPES = YES;
				CLANG_WARN_SUSPICIOUS_MOVE = YES;
				CLANG_WARN_UNGUARDED_AVAILABILITY = YES_AGGRESSIVE;
				CLANG_WARN_UNREACHABLE_CODE = YES;
				CLANG_WARN__DUPLICATE_METHOD_MATCH = YES;
				COPY_PHASE_STRIP = NO;
				DEBUG_INFORMATION_FORMAT = dwarf;
				ENABLE_STRICT_OBJC_MSGSEND = YES;
				ENABLE_TESTABILITY = YES;
				ENABLE_USER_SCRIPT_SANDBOXING = YES;
				GCC_C_LANGUAGE_STANDARD = gnu17;
				GCC_DYNAMIC_NO_PIC = NO;
				GCC_NO_COMMON_BLOCKS = YES;
				GCC_OPTIMIZATION_LEVEL = 0;
				GCC_PREPROCESSOR_DEFINITIONS = (
					"DEBUG=1",
					"$(inherited)",
				);
				GCC_WARN_64_TO_32_BIT_CONVERSION = YES;
				GCC_WARN_ABOUT_RETURN_TYPE = YES_ERROR;
				GCC_WARN_UNDECLARED_SELECTOR = YES;
				GCC_WARN_UNINITIALIZED_AUTOS = YES_AGGRESSIVE;
				GCC_WARN_UNUSED_FUNCTION = YES;
				GCC_WARN_UNUSED_VARIABLE = YES;
				IPHONEOS_DEPLOYMENT_TARGET = 13.0;
				LOCALIZATION_PREFERS_STRING_CATALOGS = YES;
				MTL_ENABLE_DEBUG_INFO = INCLUDE_SOURCE;
				MTL_FAST_MATH = YES;
				ONLY_ACTIVE_ARCH = YES;
				SDKROOT = iphoneos;
				SWIFT_ACTIVE_COMPILATION_CONDITIONS = "DEBUG $(inherited)";
				SWIFT_OPTIMIZATION_LEVEL = "-Onone";
			};
			name = Debug;
		};
		27D38C0C2D6E0FF100FADF5B /* Release */ = {
			isa = XCBuildConfiguration;
			buildSettings = {
				ALWAYS_SEARCH_USER_PATHS = NO;
				ASSETCATALOG_COMPILER_GENERATE_SWIFT_ASSET_SYMBOL_EXTENSIONS = YES;
				CLANG_ANALYZER_NONNULL = YES;
				CLANG_ANALYZER_NUMBER_OBJECT_CONVERSION = YES_AGGRESSIVE;
				CLANG_CXX_LANGUAGE_STANDARD = "gnu++20";
				CLANG_ENABLE_MODULES = YES;
				CLANG_ENABLE_OBJC_ARC = YES;
				CLANG_ENABLE_OBJC_WEAK = YES;
				CLANG_WARN_BLOCK_CAPTURE_AUTORELEASING = YES;
				CLANG_WARN_BOOL_CONVERSION = YES;
				CLANG_WARN_COMMA = YES;
				CLANG_WARN_CONSTANT_CONVERSION = YES;
				CLANG_WARN_DEPRECATED_OBJC_IMPLEMENTATIONS = YES;
				CLANG_WARN_DIRECT_OBJC_ISA_USAGE = YES_ERROR;
				CLANG_WARN_DOCUMENTATION_COMMENTS = YES;
				CLANG_WARN_EMPTY_BODY = YES;
				CLANG_WARN_ENUM_CONVERSION = YES;
				CLANG_WARN_INFINITE_RECURSION = YES;
				CLANG_WARN_INT_CONVERSION = YES;
				CLANG_WARN_NON_LITERAL_NULL_CONVERSION = YES;
				CLANG_WARN_OBJC_IMPLICIT_RETAIN_SELF = YES;
				CLANG_WARN_OBJC_LITERAL_CONVERSION = YES;
				CLANG_WARN_OBJC_ROOT_CLASS = YES_ERROR;
				CLANG_WARN_QUOTED_INCLUDE_IN_FRAMEWORK_HEADER = YES;
				CLANG_WARN_RANGE_LOOP_ANALYSIS = YES;
				CLANG_WARN_STRICT_PROTOTYPES = YES;
				CLANG_WARN_SUSPICIOUS_MOVE = YES;
				CLANG_WARN_UNGUARDED_AVAILABILITY = YES_AGGRESSIVE;
				CLANG_WARN_UNREACHABLE_CODE = YES;
				CLANG_WARN__DUPLICATE_METHOD_MATCH = YES;
				COPY_PHASE_STRIP = NO;
				DEBUG_INFORMATION_FORMAT = "dwarf-with-dsym";
				ENABLE_NS_ASSERTIONS = NO;
				ENABLE_STRICT_OBJC_MSGSEND = YES;
				ENABLE_USER_SCRIPT_SANDBOXING = YES;
				GCC_C_LANGUAGE_STANDARD = gnu17;
				GCC_NO_COMMON_BLOCKS = YES;
				GCC_WARN_64_TO_32_BIT_CONVERSION = YES;
				GCC_WARN_ABOUT_RETURN_TYPE = YES_ERROR;
				GCC_WARN_UNDECLARED_SELECTOR = YES;
				GCC_WARN_UNINITIALIZED_AUTOS = YES_AGGRESSIVE;
				GCC_WARN_UNUSED_FUNCTION = YES;
				GCC_WARN_UNUSED_VARIABLE = YES;
				IPHONEOS_DEPLOYMENT_TARGET = 13.0;
				LOCALIZATION_PREFERS_STRING_CATALOGS = YES;
				MTL_ENABLE_DEBUG_INFO = NO;
				MTL_FAST_MATH = YES;
				SDKROOT = iphoneos;
				SWIFT_COMPILATION_MODE = wholemodule;
				VALIDATE_PRODUCT = YES;
			};
			name = Release;
		};
		27D38C0E2D6E0FF100FADF5B /* Debug */ = {
			isa = XCBuildConfiguration;
			baseConfigurationReference = 57859914C93F7A59C455D7D7 /* Pods-MachineTest_IscisTech.debug.xcconfig */;
			buildSettings = {
				ASSETCATALOG_COMPILER_APPICON_NAME = AppIcon;
				ASSETCATALOG_COMPILER_GLOBAL_ACCENT_COLOR_NAME = AccentColor;
				CODE_SIGN_STYLE = Automatic;
				CURRENT_PROJECT_VERSION = 1;
				ENABLE_USER_SCRIPT_SANDBOXING = NO;
				GENERATE_INFOPLIST_FILE = YES;
				INFOPLIST_FILE = MachineTest_IscisTech/Info.plist;
				INFOPLIST_KEY_CFBundleDisplayName = Newsify;
				INFOPLIST_KEY_UIApplicationSupportsIndirectInputEvents = YES;
				INFOPLIST_KEY_UILaunchStoryboardName = LaunchScreen;
				INFOPLIST_KEY_UIMainStoryboardFile = Main;
				INFOPLIST_KEY_UISupportedInterfaceOrientations = UIInterfaceOrientationPortrait;
				INFOPLIST_KEY_UIUserInterfaceStyle = Light;
				IPHONEOS_DEPLOYMENT_TARGET = 13.0;
				LD_RUNPATH_SEARCH_PATHS = (
					"$(inherited)",
					"@executable_path/Frameworks",
				);
				MARKETING_VERSION = 1.0;
				PRODUCT_BUNDLE_IDENTIFIER = "com.chillar.SwiftUIDemo.MachineTest-IscisTech";
				PRODUCT_NAME = "$(TARGET_NAME)";
				SWIFT_EMIT_LOC_STRINGS = YES;
				SWIFT_VERSION = 5.0;
				TARGETED_DEVICE_FAMILY = "1,2";
			};
			name = Debug;
		};
		27D38C0F2D6E0FF100FADF5B /* Release */ = {
			isa = XCBuildConfiguration;
			baseConfigurationReference = 51C3401055A9303566F49B9E /* Pods-MachineTest_IscisTech.release.xcconfig */;
			buildSettings = {
				ASSETCATALOG_COMPILER_APPICON_NAME = AppIcon;
				ASSETCATALOG_COMPILER_GLOBAL_ACCENT_COLOR_NAME = AccentColor;
				CODE_SIGN_STYLE = Automatic;
				CURRENT_PROJECT_VERSION = 1;
				ENABLE_USER_SCRIPT_SANDBOXING = NO;
				GENERATE_INFOPLIST_FILE = YES;
				INFOPLIST_FILE = MachineTest_IscisTech/Info.plist;
				INFOPLIST_KEY_CFBundleDisplayName = Newsify;
				INFOPLIST_KEY_UIApplicationSupportsIndirectInputEvents = YES;
				INFOPLIST_KEY_UILaunchStoryboardName = LaunchScreen;
				INFOPLIST_KEY_UIMainStoryboardFile = Main;
				INFOPLIST_KEY_UISupportedInterfaceOrientations = UIInterfaceOrientationPortrait;
				INFOPLIST_KEY_UIUserInterfaceStyle = Light;
				IPHONEOS_DEPLOYMENT_TARGET = 13.0;
				LD_RUNPATH_SEARCH_PATHS = (
					"$(inherited)",
					"@executable_path/Frameworks",
				);
				MARKETING_VERSION = 1.0;
				PRODUCT_BUNDLE_IDENTIFIER = "com.chillar.SwiftUIDemo.MachineTest-IscisTech";
				PRODUCT_NAME = "$(TARGET_NAME)";
				SWIFT_EMIT_LOC_STRINGS = YES;
				SWIFT_VERSION = 5.0;
				TARGETED_DEVICE_FAMILY = "1,2";
			};
			name = Release;
		};
		27D38C112D6E0FF100FADF5B /* Debug */ = {
			isa = XCBuildConfiguration;
			buildSettings = {
				ALWAYS_EMBED_SWIFT_STANDARD_LIBRARIES = YES;
				BUNDLE_LOADER = "$(TEST_HOST)";
				CODE_SIGN_STYLE = Automatic;
				CURRENT_PROJECT_VERSION = 1;
				GENERATE_INFOPLIST_FILE = YES;
				IPHONEOS_DEPLOYMENT_TARGET = 17.5;
				MARKETING_VERSION = 1.0;
				PRODUCT_BUNDLE_IDENTIFIER = "com.chillar.SwiftUIDemo.MachineTest-IscisTechTests";
				PRODUCT_NAME = "$(TARGET_NAME)";
				SWIFT_EMIT_LOC_STRINGS = NO;
				SWIFT_VERSION = 5.0;
				TARGETED_DEVICE_FAMILY = "1,2";
				TEST_HOST = "$(BUILT_PRODUCTS_DIR)/MachineTest_IscisTech.app/$(BUNDLE_EXECUTABLE_FOLDER_PATH)/MachineTest_IscisTech";
			};
			name = Debug;
		};
		27D38C122D6E0FF100FADF5B /* Release */ = {
			isa = XCBuildConfiguration;
			buildSettings = {
				ALWAYS_EMBED_SWIFT_STANDARD_LIBRARIES = YES;
				BUNDLE_LOADER = "$(TEST_HOST)";
				CODE_SIGN_STYLE = Automatic;
				CURRENT_PROJECT_VERSION = 1;
				GENERATE_INFOPLIST_FILE = YES;
				IPHONEOS_DEPLOYMENT_TARGET = 17.5;
				MARKETING_VERSION = 1.0;
				PRODUCT_BUNDLE_IDENTIFIER = "com.chillar.SwiftUIDemo.MachineTest-IscisTechTests";
				PRODUCT_NAME = "$(TARGET_NAME)";
				SWIFT_EMIT_LOC_STRINGS = NO;
				SWIFT_VERSION = 5.0;
				TARGETED_DEVICE_FAMILY = "1,2";
				TEST_HOST = "$(BUILT_PRODUCTS_DIR)/MachineTest_IscisTech.app/$(BUNDLE_EXECUTABLE_FOLDER_PATH)/MachineTest_IscisTech";
			};
			name = Release;
		};
		27D38C142D6E0FF100FADF5B /* Debug */ = {
			isa = XCBuildConfiguration;
			buildSettings = {
				ALWAYS_EMBED_SWIFT_STANDARD_LIBRARIES = YES;
				CODE_SIGN_STYLE = Automatic;
				CURRENT_PROJECT_VERSION = 1;
				GENERATE_INFOPLIST_FILE = YES;
				MARKETING_VERSION = 1.0;
				PRODUCT_BUNDLE_IDENTIFIER = "com.chillar.SwiftUIDemo.MachineTest-IscisTechUITests";
				PRODUCT_NAME = "$(TARGET_NAME)";
				SWIFT_EMIT_LOC_STRINGS = NO;
				SWIFT_VERSION = 5.0;
				TARGETED_DEVICE_FAMILY = "1,2";
				TEST_TARGET_NAME = MachineTest_IscisTech;
			};
			name = Debug;
		};
		27D38C152D6E0FF100FADF5B /* Release */ = {
			isa = XCBuildConfiguration;
			buildSettings = {
				ALWAYS_EMBED_SWIFT_STANDARD_LIBRARIES = YES;
				CODE_SIGN_STYLE = Automatic;
				CURRENT_PROJECT_VERSION = 1;
				GENERATE_INFOPLIST_FILE = YES;
				MARKETING_VERSION = 1.0;
				PRODUCT_BUNDLE_IDENTIFIER = "com.chillar.SwiftUIDemo.MachineTest-IscisTechUITests";
				PRODUCT_NAME = "$(TARGET_NAME)";
				SWIFT_EMIT_LOC_STRINGS = NO;
				SWIFT_VERSION = 5.0;
				TARGETED_DEVICE_FAMILY = "1,2";
				TEST_TARGET_NAME = MachineTest_IscisTech;
			};
			name = Release;
		};
/* End XCBuildConfiguration section */

/* Begin XCConfigurationList section */
		27D38BDE2D6E0FEE00FADF5B /* Build configuration list for PBXProject "MachineTest_IscisTech" */ = {
			isa = XCConfigurationList;
			buildConfigurations = (
				27D38C0B2D6E0FF100FADF5B /* Debug */,
				27D38C0C2D6E0FF100FADF5B /* Release */,
			);
			defaultConfigurationIsVisible = 0;
			defaultConfigurationName = Release;
		};
		27D38C0D2D6E0FF100FADF5B /* Build configuration list for PBXNativeTarget "MachineTest_IscisTech" */ = {
			isa = XCConfigurationList;
			buildConfigurations = (
				27D38C0E2D6E0FF100FADF5B /* Debug */,
				27D38C0F2D6E0FF100FADF5B /* Release */,
			);
			defaultConfigurationIsVisible = 0;
			defaultConfigurationName = Release;
		};
		27D38C102D6E0FF100FADF5B /* Build configuration list for PBXNativeTarget "MachineTest_IscisTechTests" */ = {
			isa = XCConfigurationList;
			buildConfigurations = (
				27D38C112D6E0FF100FADF5B /* Debug */,
				27D38C122D6E0FF100FADF5B /* Release */,
			);
			defaultConfigurationIsVisible = 0;
			defaultConfigurationName = Release;
		};
		27D38C132D6E0FF100FADF5B /* Build configuration list for PBXNativeTarget "MachineTest_IscisTechUITests" */ = {
			isa = XCConfigurationList;
			buildConfigurations = (
				27D38C142D6E0FF100FADF5B /* Debug */,
				27D38C152D6E0FF100FADF5B /* Release */,
			);
			defaultConfigurationIsVisible = 0;
			defaultConfigurationName = Release;
		};
/* End XCConfigurationList section */
	};
	rootObject = 27D38BDB2D6E0FEE00FADF5B /* Project object */;
}
